
Microsoft Visual Studio Solution File, Format Version 12.00
# Visual Studio 2013
VisualStudioVersion = 12.0.31101.0
MinimumVisualStudioVersion = 10.0.40219.1
Project("{FAE04EC0-301F-11D3-BF4B-00C04F79EFBC}") = "FutsalManager.Domain", "FutsalManager.Domain\FutsalManager.Domain.csproj", "{8BAD899F-B2DA-49CF-AF4C-2A296BB3B4FF}"
EndProject
Project("{FAE04EC0-301F-11D3-BF4B-00C04F79EFBC}") = "FutsalManager.Domain.Test", "FutsalManager.Domain.Test\FutsalManager.Domain.Test.csproj", "{B212F325-017F-49B5-97A8-DAB16ABEA7AE}"
EndProject
Project("{FAE04EC0-301F-11D3-BF4B-00C04F79EFBC}") = "FutsalManager.Persistence", "FutsalManager.Persistence\FutsalManager.Persistence.csproj", "{E4C7A604-5761-47A4-AAA7-6A18E6047903}"
EndProject
Global
	GlobalSection(SolutionConfigurationPlatforms) = preSolution
		Debug|Any CPU = Debug|Any CPU
		Release|Any CPU = Release|Any CPU
	EndGlobalSection
	GlobalSection(ProjectConfigurationPlatforms) = postSolution
		{8BAD899F-B2DA-49CF-AF4C-2A296BB3B4FF}.Debug|Any CPU.ActiveCfg = Debug|Any CPU
		{8BAD899F-B2DA-49CF-AF4C-2A296BB3B4FF}.Debug|Any CPU.Build.0 = Debug|Any CPU
		{8BAD899F-B2DA-49CF-AF4C-2A296BB3B4FF}.Release|Any CPU.ActiveCfg = Release|Any CPU
		{8BAD899F-B2DA-49CF-AF4C-2A296BB3B4FF}.Release|Any CPU.Build.0 = Release|Any CPU
		{B212F325-017F-49B5-97A8-DAB16ABEA7AE}.Debug|Any CPU.ActiveCfg = Debug|Any CPU
		{B212F325-017F-49B5-97A8-DAB16ABEA7AE}.Debug|Any CPU.Build.0 = Debug|Any CPU
		{B212F325-017F-49B5-97A8-DAB16ABEA7AE}.Release|Any CPU.ActiveCfg = Release|Any CPU
		{B212F325-017F-49B5-97A8-DAB16ABEA7AE}.Release|Any CPU.Build.0 = Release|Any CPU
		{E4C7A604-5761-47A4-AAA7-6A18E6047903}.Debug|Any CPU.ActiveCfg = Debug|Any CPU
		{E4C7A604-5761-47A4-AAA7-6A18E6047903}.Debug|Any CPU.Build.0 = Debug|Any CPU
		{E4C7A604-5761-47A4-AAA7-6A18E6047903}.Release|Any CPU.ActiveCfg = Release|Any CPU
		{E4C7A604-5761-47A4-AAA7-6A18E6047903}.Release|Any CPU.Build.0 = Release|Any CPU
	EndGlobalSection
	GlobalSection(SolutionProperties) = preSolution
		HideSolutionNode = FALSE
	EndGlobalSection
EndGlobal
